
Microsoft Visual Studio Solution File, Format Version 12.00
# Visual Studio Version 16
VisualStudioVersion = 16.0.29123.88
MinimumVisualStudioVersion = 10.0.40219.1
Project("{FAE04EC0-301F-11D3-BF4B-00C04F79EFBC}") = "DVDManagement", "DVDManagement\DVDManagement.csproj", "{67B06D74-9054-424E-BFF3-071B221D9827}"
EndProject
Global
	GlobalSection(SolutionConfigurationPlatforms) = preSolution
		Debug|Any CPU = Debug|Any CPU
		Release|Any CPU = Release|Any CPU
	EndGlobalSection
	GlobalSection(ProjectConfigurationPlatforms) = postSolution
		{67B06D74-9054-424E-BFF3-071B221D9827}.Debug|Any CPU.ActiveCfg = Debug|Any CPU
		{67B06D74-9054-424E-BFF3-071B221D9827}.Debug|Any CPU.Build.0 = Debug|Any CPU
		{67B06D74-9054-424E-BFF3-071B221D9827}.Release|Any CPU.ActiveCfg = Release|Any CPU
		{67B06D74-9054-424E-BFF3-071B221D9827}.Release|Any CPU.Build.0 = Release|Any CPU
	EndGlobalSection
	GlobalSection(SolutionProperties) = preSolution
		HideSolutionNode = FALSE
	EndGlobalSection
	GlobalSection(ExtensibilityGlobals) = postSolution
		SolutionGuid = {AB7ADBD1-2130-427A-8845-F6A9030A09DB}
	EndGlobalSection
EndGlobal
